PODS:
  - ekyc_id_flutter (1.0.0):
    - EkycID (~> 1.0.9)
    - Flutter
  - EkycID (1.0.9):
    - GoogleMLKit/FaceDetection (= 2.5.0)
    - OpenCV (= 4.3.0)
    - TensorFlowLiteSwift (= 0.0.1-nightly.20211127)
  - Flutter (1.0.0)
  - GoogleDataTransport (9.1.4):
    - GoogleUtilities/Environment (~> 7.7)
    - nanopb (< 2.30910.0, >= 2.30908.0)
    - PromisesObjC (< 3.0, >= 1.2)
  - GoogleMLKit/FaceDetection (2.5.0):
    - GoogleMLKit/MLKitCore
    - MLKitFaceDetection (~> 1.5.0)
  - GoogleMLKit/MLKitCore (2.5.0):
    - MLKitCommon (~> 5.0.0)
  - GoogleToolboxForMac/DebugUtils (2.3.2):
    - GoogleToolboxForMac/Defines (= 2.3.2)
  - GoogleToolboxForMac/Defines (2.3.2)
  - GoogleToolboxForMac/Logger (2.3.2):
    - GoogleToolboxForMac/Defines (= 2.3.2)
  - "GoogleToolboxForMac/NSData+zlib (2.3.2)":
    - GoogleToolboxForMac/Defines (= 2.3.2)
  - "GoogleToolboxForMac/NSDictionary+URLArguments (2.3.2)":
    - GoogleToolboxForMac/DebugUtils (= 2.3.2)
    - GoogleToolboxForMac/Defines (= 2.3.2)
    - "GoogleToolboxForMac/NSString+URLArguments (= 2.3.2)"
  - "GoogleToolboxForMac/NSString+URLArguments (2.3.2)"
  - GoogleUtilities/Environment (7.7.0):
    - PromisesObjC (< 3.0, >= 1.2)
  - GoogleUtilities/Logger (7.7.0):
    - GoogleUtilities/Environment
  - GoogleUtilities/UserDefaults (7.7.0):
    - GoogleUtilities/Logger
  - GoogleUtilitiesComponents (1.1.0):
    - GoogleUtilities/Logger
  - GTMSessionFetcher/Core (1.7.2)
  - MLImage (1.0.0-beta2)
  - MLKitCommon (5.0.0):
    - GoogleDataTransport (~> 9.0)
    - GoogleToolboxForMac/Logger (~> 2.1)
    - "GoogleToolboxForMac/NSData+zlib (~> 2.1)"
    - "GoogleToolboxForMac/NSDictionary+URLArguments (~> 2.1)"
    - GoogleUtilities/UserDefaults (~> 7.0)
    - GoogleUtilitiesComponents (~> 1.0)
    - GTMSessionFetcher/Core (~> 1.1)
    - Protobuf (~> 3.12)
  - MLKitFaceDetection (1.5.0):
    - MLKitCommon (~> 5.0)
    - MLKitVision (~> 3.0)
  - MLKitVision (3.0.0):
    - GoogleToolboxForMac/Logger (~> 2.1)
    - "GoogleToolboxForMac/NSData+zlib (~> 2.1)"
    - GTMSessionFetcher/Core (~> 1.1)
    - MLImage (= 1.0.0-beta2)
    - MLKitCommon (~> 5.0)
    - Protobuf (~> 3.12)
  - nanopb (2.30909.0):
    - nanopb/decode (= 2.30909.0)
    - nanopb/encode (= 2.30909.0)
  - nanopb/decode (2.30909.0)
  - nanopb/encode (2.30909.0)
  - OpenCV (4.3.0)
  - PromisesObjC (2.1.0)
  - Protobuf (3.21.1)
  - TensorFlowLiteC (0.0.1-nightly.20211127):
    - TensorFlowLiteC/Core (= 0.0.1-nightly.20211127)
  - TensorFlowLiteC/Core (0.0.1-nightly.20211127)
  - TensorFlowLiteSwift (0.0.1-nightly.20211127):
    - TensorFlowLiteSwift/Core (= 0.0.1-nightly.20211127)
  - TensorFlowLiteSwift/Core (0.0.1-nightly.20211127):
    - TensorFlowLiteC (= 0.0.1-nightly.20211127)

DEPENDENCIES:
  - ekyc_id_flutter (from `.symlinks/plugins/ekyc_id_flutter/ios`)
  - Flutter (from `Flutter`)

SPEC REPOS:
  trunk:
    - EkycID
    - GoogleDataTransport
    - GoogleMLKit
    - GoogleToolboxForMac
    - GoogleUtilities
    - GoogleUtilitiesComponents
    - GTMSessionFetcher
    - MLImage
    - MLKitCommon
    - MLKitFaceDetection
    - MLKitVision
    - nanopb
    - OpenCV
    - PromisesObjC
    - Protobuf
    - TensorFlowLiteC
    - TensorFlowLiteSwift

EXTERNAL SOURCES:
  ekyc_id_flutter:
    :path: ".symlinks/plugins/ekyc_id_flutter/ios"
  Flutter:
    :path: Flutter

SPEC CHECKSUMS:
  ekyc_id_flutter: 9eeb8e9bee88bc065158542d19b28a276589ad32
  EkycID: 9680b34631a2451e879e160ee0fd45fae14035ef
  Flutter: 434fef37c0980e73bb6479ef766c45957d4b510c
  GoogleDataTransport: 5fffe35792f8b96ec8d6775f5eccd83c998d5a3b
  GoogleMLKit: 0d7f5aa2f8a2f2ea9d849a05abdbe80974b0ec83
  GoogleToolboxForMac: 8bef7c7c5cf7291c687cf5354f39f9db6399ad34
  GoogleUtilities: e0913149f6b0625b553d70dae12b49fc62914fd1
  GoogleUtilitiesComponents: 679b2c881db3b615a2777504623df6122dd20afe
  GTMSessionFetcher: 5595ec75acf5be50814f81e9189490412bad82ba
  MLImage: a454f9f8ecfd537783a12f9488f5be1a68820829
  MLKitCommon: 3bc17c6f7d25ce3660f030350b46ae7ec9ebca6e
  MLKitFaceDetection: 617cb847441868a8bfd4b48d751c9b33c1104948
  MLKitVision: e87dc3f2e456a6ab32361ebd985e078dd2746143
  nanopb: b552cce312b6c8484180ef47159bc0f65a1f0431
  OpenCV: 681e0451c1e54c5930a8922277f817ed5d5ab459
  PromisesObjC: 99b6f43f9e1044bd87a95a60beff28c2c44ddb72
  Protobuf: 9e88c1e667d75aa2491d211f26ccddde4e8ad4cf
  TensorFlowLiteC: b2eba881175ce9b490698f74cedf88c0c430f1d1
  TensorFlowLiteSwift: ee03ae882bab905b8e532c80640524cf6c91ec65

PODFILE CHECKSUM: 16ddf56de8c9de4e7a321ca1d8a0c19d9d50a079

COCOAPODS: 1.11.2
